// !$*UTF8*$!
{
	archiveVersion = 1;
	classes = {
	};
	objectVersion = 46;
	objects = {

/* Begin PBXBuildFile section */
		2583BEFC17F8114D00CA9CC8 /* ImgurAPI.m in Sources */ = {isa = PBXBuildFile; fileRef = 2583BEF417F8114D00CA9CC8 /* ImgurAPI.m */; };
		2583BEFD17F8114D00CA9CC8 /* NSData+Base64.m in Sources */ = {isa = PBXBuildFile; fileRef = 2583BEF717F8114D00CA9CC8 /* NSData+Base64.m */; };
		2583BEFE17F8114D00CA9CC8 /* NSString+URLEncoding.m in Sources */ = {isa = PBXBuildFile; fileRef = 2583BEF917F8114D00CA9CC8 /* NSString+URLEncoding.m */; };
		2583BEFF17F8114D00CA9CC8 /* NSString+URLEscape.m in Sources */ = {isa = PBXBuildFile; fileRef = 2583BEFB17F8114D00CA9CC8 /* NSString+URLEscape.m */; };
		259745FE17F7827900694B90 /* Foundation.framework in Frameworks */ = {isa = PBXBuildFile; fileRef = 259745FD17F7827900694B90 /* Foundation.framework */; };
		2597460017F7827900694B90 /* CoreGraphics.framework in Frameworks */ = {isa = PBXBuildFile; fileRef = 259745FF17F7827900694B90 /* CoreGraphics.framework */; };
		2597460217F7827900694B90 /* UIKit.framework in Frameworks */ = {isa = PBXBuildFile; fileRef = 2597460117F7827900694B90 /* UIKit.framework */; };
		2597460817F7827900694B90 /* InfoPlist.strings in Resources */ = {isa = PBXBuildFile; fileRef = 2597460617F7827900694B90 /* InfoPlist.strings */; };
		2597460A17F7827900694B90 /* main.m in Sources */ = {isa = PBXBuildFile; fileRef = 2597460917F7827900694B90 /* main.m */; };
		2597460E17F7827900694B90 /* ACLAppDelegate.m in Sources */ = {isa = PBXBuildFile; fileRef = 2597460D17F7827900694B90 /* ACLAppDelegate.m */; };
		2597461117F7827900694B90 /* Main.storyboard in Resources */ = {isa = PBXBuildFile; fileRef = 2597460F17F7827900694B90 /* Main.storyboard */; };
		2597461417F7827900694B90 /* ACLViewController.m in Sources */ = {isa = PBXBuildFile; fileRef = 2597461317F7827900694B90 /* ACLViewController.m */; };
		2597461617F7827900694B90 /* Images.xcassets in Resources */ = {isa = PBXBuildFile; fileRef = 2597461517F7827900694B90 /* Images.xcassets */; };
		2597461D17F7827900694B90 /* XCTest.framework in Frameworks */ = {isa = PBXBuildFile; fileRef = 2597461C17F7827900694B90 /* XCTest.framework */; };
		2597461E17F7827900694B90 /* Foundation.framework in Frameworks */ = {isa = PBXBuildFile; fileRef = 259745FD17F7827900694B90 /* Foundation.framework */; };
		2597461F17F7827900694B90 /* UIKit.framework in Frameworks */ = {isa = PBXBuildFile; fileRef = 2597460117F7827900694B90 /* UIKit.framework */; };
		2597462717F7827900694B90 /* InfoPlist.strings in Resources */ = {isa = PBXBuildFile; fileRef = 2597462517F7827900694B90 /* InfoPlist.strings */; };
		2597462917F7827900694B90 /* appchatlobby2Tests.m in Sources */ = {isa = PBXBuildFile; fileRef = 2597462817F7827900694B90 /* appchatlobby2Tests.m */; };
		2597463317F78C2000694B90 /* libgamoogaclient.a in Frameworks */ = {isa = PBXBuildFile; fileRef = 2597463217F78C2000694B90 /* libgamoogaclient.a */; };
		25A71B3A17F7985C006D9D3F /* InitialScreenViewController.m in Sources */ = {isa = PBXBuildFile; fileRef = 5427E1D017F789A3003DFC79 /* InitialScreenViewController.m */; };
		25A71B3B17F7986D006D9D3F /* InGameViewController.m in Sources */ = {isa = PBXBuildFile; fileRef = 5427E1D617F78A14003DFC79 /* InGameViewController.m */; };
		25A71B3D17F7A51A006D9D3F /* CoreMotion.framework in Frameworks */ = {isa = PBXBuildFile; fileRef = 25A71B3C17F7A51A006D9D3F /* CoreMotion.framework */; };
		25A71B3F17F7A92A006D9D3F /* CoreLocation.framework in Frameworks */ = {isa = PBXBuildFile; fileRef = 25A71B3E17F7A92A006D9D3F /* CoreLocation.framework */; };
		5427E1D417F78A02003DFC79 /* LobbyViewController.m in Sources */ = {isa = PBXBuildFile; fileRef = 5427E1D317F78A02003DFC79 /* LobbyViewController.m */; };
		5427E1DA17F78A21003DFC79 /* ScoreReportViewController.m in Sources */ = {isa = PBXBuildFile; fileRef = 5427E1D917F78A21003DFC79 /* ScoreReportViewController.m */; };
		54B2208317F7CBE900CCB847 /* avatar-placeholder.png in Resources */ = {isa = PBXBuildFile; fileRef = 54B2208217F7CBE900CCB847 /* avatar-placeholder.png */; };
		54B2208717F8091C00CCB847 /* border.png in Resources */ = {isa = PBXBuildFile; fileRef = 54B2208617F8091C00CCB847 /* border.png */; };
		54F04AAF17F79EE40091238C /* LobbyCollectionViewCell.m in Sources */ = {isa = PBXBuildFile; fileRef = 54F04AAE17F79EE40091238C /* LobbyCollectionViewCell.m */; };
		54F04AB517F7A5800091238C /* eric.jpg in Resources */ = {isa = PBXBuildFile; fileRef = 54F04AB417F7A5800091238C /* eric.jpg */; };
		54F04AB717F7BD580091238C /* AVFoundation.framework in Frameworks */ = {isa = PBXBuildFile; fileRef = 54F04AB617F7BD580091238C /* AVFoundation.framework */; };
		54F04ABF17F7C2360091238C /* camera@2x.png in Resources */ = {isa = PBXBuildFile; fileRef = 54F04ABE17F7C2360091238C /* camera@2x.png */; };
/* End PBXBuildFile section */

/* Begin PBXContainerItemProxy section */
		2597462017F7827900694B90 /* PBXContainerItemProxy */ = {
			isa = PBXContainerItemProxy;
			containerPortal = 259745F217F7827900694B90 /* Project object */;
			proxyType = 1;
			remoteGlobalIDString = 259745F917F7827900694B90;
			remoteInfo = appchatlobby2;
		};
/* End PBXContainerItemProxy section */

/* Begin PBXFileReference section */
		2583BEF317F8114D00CA9CC8 /* ImgurAPI.h */ = {isa = PBXFileReference; fileEncoding = 4; lastKnownFileType = sourcecode.c.h; path = ImgurAPI.h; sourceTree = "<group>"; };
		2583BEF417F8114D00CA9CC8 /* ImgurAPI.m */ = {isa = PBXFileReference; fileEncoding = 4; lastKnownFileType = sourcecode.c.objc; path = ImgurAPI.m; sourceTree = "<group>"; };
		2583BEF617F8114D00CA9CC8 /* NSData+Base64.h */ = {isa = PBXFileReference; fileEncoding = 4; lastKnownFileType = sourcecode.c.h; path = "NSData+Base64.h"; sourceTree = "<group>"; };
		2583BEF717F8114D00CA9CC8 /* NSData+Base64.m */ = {isa = PBXFileReference; fileEncoding = 4; lastKnownFileType = sourcecode.c.objc; path = "NSData+Base64.m"; sourceTree = "<group>"; };
		2583BEF817F8114D00CA9CC8 /* NSString+URLEncoding.h */ = {isa = PBXFileReference; fileEncoding = 4; lastKnownFileType = sourcecode.c.h; path = "NSString+URLEncoding.h"; sourceTree = "<group>"; };
		2583BEF917F8114D00CA9CC8 /* NSString+URLEncoding.m */ = {isa = PBXFileReference; fileEncoding = 4; lastKnownFileType = sourcecode.c.objc; path = "NSString+URLEncoding.m"; sourceTree = "<group>"; };
		2583BEFA17F8114D00CA9CC8 /* NSString+URLEscape.h */ = {isa = PBXFileReference; fileEncoding = 4; lastKnownFileType = sourcecode.c.h; path = "NSString+URLEscape.h"; sourceTree = "<group>"; };
		2583BEFB17F8114D00CA9CC8 /* NSString+URLEscape.m */ = {isa = PBXFileReference; fileEncoding = 4; lastKnownFileType = sourcecode.c.objc; path = "NSString+URLEscape.m"; sourceTree = "<group>"; };
		259745FA17F7827900694B90 /* appchatlobby2.app */ = {isa = PBXFileReference; explicitFileType = wrapper.application; includeInIndex = 0; path = appchatlobby2.app; sourceTree = BUILT_PRODUCTS_DIR; };
		259745FD17F7827900694B90 /* Foundation.framework */ = {isa = PBXFileReference; lastKnownFileType = wrapper.framework; name = Foundation.framework; path = System/Library/Frameworks/Foundation.framework; sourceTree = SDKROOT; };
		259745FF17F7827900694B90 /* CoreGraphics.framework */ = {isa = PBXFileReference; lastKnownFileType = wrapper.framework; name = CoreGraphics.framework; path = System/Library/Frameworks/CoreGraphics.framework; sourceTree = SDKROOT; };
		2597460117F7827900694B90 /* UIKit.framework */ = {isa = PBXFileReference; lastKnownFileType = wrapper.framework; name = UIKit.framework; path = System/Library/Frameworks/UIKit.framework; sourceTree = SDKROOT; };
		2597460517F7827900694B90 /* appchatlobby2-Info.plist */ = {isa = PBXFileReference; lastKnownFileType = text.plist.xml; path = "appchatlobby2-Info.plist"; sourceTree = "<group>"; };
		2597460717F7827900694B90 /* en */ = {isa = PBXFileReference; lastKnownFileType = text.plist.strings; name = en; path = en.lproj/InfoPlist.strings; sourceTree = "<group>"; };
		2597460917F7827900694B90 /* main.m */ = {isa = PBXFileReference; lastKnownFileType = sourcecode.c.objc; path = main.m; sourceTree = "<group>"; };
		2597460B17F7827900694B90 /* appchatlobby2-Prefix.pch */ = {isa = PBXFileReference; lastKnownFileType = sourcecode.c.h; path = "appchatlobby2-Prefix.pch"; sourceTree = "<group>"; };
		2597460C17F7827900694B90 /* ACLAppDelegate.h */ = {isa = PBXFileReference; lastKnownFileType = sourcecode.c.h; path = ACLAppDelegate.h; sourceTree = "<group>"; };
		2597460D17F7827900694B90 /* ACLAppDelegate.m */ = {isa = PBXFileReference; lastKnownFileType = sourcecode.c.objc; path = ACLAppDelegate.m; sourceTree = "<group>"; };
		2597461017F7827900694B90 /* Base */ = {isa = PBXFileReference; lastKnownFileType = file.storyboard; name = Base; path = Base.lproj/Main.storyboard; sourceTree = "<group>"; };
		2597461217F7827900694B90 /* ACLViewController.h */ = {isa = PBXFileReference; lastKnownFileType = sourcecode.c.h; path = ACLViewController.h; sourceTree = "<group>"; };
		2597461317F7827900694B90 /* ACLViewController.m */ = {isa = PBXFileReference; lastKnownFileType = sourcecode.c.objc; path = ACLViewController.m; sourceTree = "<group>"; };
		2597461517F7827900694B90 /* Images.xcassets */ = {isa = PBXFileReference; lastKnownFileType = folder.assetcatalog; path = Images.xcassets; sourceTree = "<group>"; };
		2597461B17F7827900694B90 /* appchatlobby2Tests.xctest */ = {isa = PBXFileReference; explicitFileType = wrapper.cfbundle; includeInIndex = 0; path = appchatlobby2Tests.xctest; sourceTree = BUILT_PRODUCTS_DIR; };
		2597461C17F7827900694B90 /* XCTest.framework */ = {isa = PBXFileReference; lastKnownFileType = wrapper.framework; name = XCTest.framework; path = Library/Frameworks/XCTest.framework; sourceTree = DEVELOPER_DIR; };
		2597462417F7827900694B90 /* appchatlobby2Tests-Info.plist */ = {isa = PBXFileReference; lastKnownFileType = text.plist.xml; path = "appchatlobby2Tests-Info.plist"; sourceTree = "<group>"; };
		2597462617F7827900694B90 /* en */ = {isa = PBXFileReference; lastKnownFileType = text.plist.strings; name = en; path = en.lproj/InfoPlist.strings; sourceTree = "<group>"; };
		2597462817F7827900694B90 /* appchatlobby2Tests.m */ = {isa = PBXFileReference; lastKnownFileType = sourcecode.c.objc; path = appchatlobby2Tests.m; sourceTree = "<group>"; };
		2597463217F78C2000694B90 /* libgamoogaclient.a */ = {isa = PBXFileReference; lastKnownFileType = archive.ar; path = libgamoogaclient.a; sourceTree = "<group>"; };
		2597463417F78CF700694B90 /* GamoogaClient.h */ = {isa = PBXFileReference; lastKnownFileType = sourcecode.c.h; path = GamoogaClient.h; sourceTree = "<group>"; };
		25A71B3C17F7A51A006D9D3F /* CoreMotion.framework */ = {isa = PBXFileReference; lastKnownFileType = wrapper.framework; name = CoreMotion.framework; path = System/Library/Frameworks/CoreMotion.framework; sourceTree = SDKROOT; };
		25A71B3E17F7A92A006D9D3F /* CoreLocation.framework */ = {isa = PBXFileReference; lastKnownFileType = wrapper.framework; name = CoreLocation.framework; path = System/Library/Frameworks/CoreLocation.framework; sourceTree = SDKROOT; };
		5427E1CF17F789A3003DFC79 /* InitialScreenViewController.h */ = {isa = PBXFileReference; fileEncoding = 4; lastKnownFileType = sourcecode.c.h; path = InitialScreenViewController.h; sourceTree = "<group>"; };
		5427E1D017F789A3003DFC79 /* InitialScreenViewController.m */ = {isa = PBXFileReference; fileEncoding = 4; lastKnownFileType = sourcecode.c.objc; path = InitialScreenViewController.m; sourceTree = "<group>"; };
		5427E1D217F78A02003DFC79 /* LobbyViewController.h */ = {isa = PBXFileReference; fileEncoding = 4; lastKnownFileType = sourcecode.c.h; path = LobbyViewController.h; sourceTree = "<group>"; };
		5427E1D317F78A02003DFC79 /* LobbyViewController.m */ = {isa = PBXFileReference; fileEncoding = 4; lastKnownFileType = sourcecode.c.objc; path = LobbyViewController.m; sourceTree = "<group>"; };
		5427E1D517F78A14003DFC79 /* InGameViewController.h */ = {isa = PBXFileReference; fileEncoding = 4; lastKnownFileType = sourcecode.c.h; path = InGameViewController.h; sourceTree = "<group>"; };
		5427E1D617F78A14003DFC79 /* InGameViewController.m */ = {isa = PBXFileReference; fileEncoding = 4; lastKnownFileType = sourcecode.c.objc; path = InGameViewController.m; sourceTree = "<group>"; };
		5427E1D817F78A21003DFC79 /* ScoreReportViewController.h */ = {isa = PBXFileReference; fileEncoding = 4; lastKnownFileType = sourcecode.c.h; path = ScoreReportViewController.h; sourceTree = "<group>"; };
		5427E1D917F78A21003DFC79 /* ScoreReportViewController.m */ = {isa = PBXFileReference; fileEncoding = 4; lastKnownFileType = sourcecode.c.objc; path = ScoreReportViewController.m; sourceTree = "<group>"; };
		54B2208217F7CBE900CCB847 /* avatar-placeholder.png */ = {isa = PBXFileReference; lastKnownFileType = image.png; path = "avatar-placeholder.png"; sourceTree = "<group>"; };
		54B2208617F8091C00CCB847 /* border.png */ = {isa = PBXFileReference; lastKnownFileType = image.png; path = border.png; sourceTree = "<group>"; };
		54F04AAD17F79EE40091238C /* LobbyCollectionViewCell.h */ = {isa = PBXFileReference; fileEncoding = 4; lastKnownFileType = sourcecode.c.h; path = LobbyCollectionViewCell.h; sourceTree = "<group>"; };
		54F04AAE17F79EE40091238C /* LobbyCollectionViewCell.m */ = {isa = PBXFileReference; fileEncoding = 4; lastKnownFileType = sourcecode.c.objc; path = LobbyCollectionViewCell.m; sourceTree = "<group>"; };
		54F04AB417F7A5800091238C /* eric.jpg */ = {isa = PBXFileReference; lastKnownFileType = image.jpeg; path = eric.jpg; sourceTree = "<group>"; };
		54F04AB617F7BD580091238C /* AVFoundation.framework */ = {isa = PBXFileReference; lastKnownFileType = wrapper.framework; name = AVFoundation.framework; path = System/Library/Frameworks/AVFoundation.framework; sourceTree = SDKROOT; };
		54F04ABE17F7C2360091238C /* camera@2x.png */ = {isa = PBXFileReference; lastKnownFileType = image.png; path = "camera@2x.png"; sourceTree = "<group>"; };
/* End PBXFileReference section */

/* Begin PBXFrameworksBuildPhase section */
		259745F717F7827900694B90 /* Frameworks */ = {
			isa = PBXFrameworksBuildPhase;
			buildActionMask = 2147483647;
			files = (
				54F04AB717F7BD580091238C /* AVFoundation.framework in Frameworks */,
				25A71B3F17F7A92A006D9D3F /* CoreLocation.framework in Frameworks */,
				25A71B3D17F7A51A006D9D3F /* CoreMotion.framework in Frameworks */,
				2597460017F7827900694B90 /* CoreGraphics.framework in Frameworks */,
				2597460217F7827900694B90 /* UIKit.framework in Frameworks */,
				2597463317F78C2000694B90 /* libgamoogaclient.a in Frameworks */,
				259745FE17F7827900694B90 /* Foundation.framework in Frameworks */,
			);
			runOnlyForDeploymentPostprocessing = 0;
		};
		2597461817F7827900694B90 /* Frameworks */ = {
			isa = PBXFrameworksBuildPhase;
			buildActionMask = 2147483647;
			files = (
				2597461D17F7827900694B90 /* XCTest.framework in Frameworks */,
				2597461F17F7827900694B90 /* UIKit.framework in Frameworks */,
				2597461E17F7827900694B90 /* Foundation.framework in Frameworks */,
			);
			runOnlyForDeploymentPostprocessing = 0;
		};
/* End PBXFrameworksBuildPhase section */

/* Begin PBXGroup section */
		2583BEF517F8114D00CA9CC8 /* modules */ = {
			isa = PBXGroup;
			children = (
				2583BEF617F8114D00CA9CC8 /* NSData+Base64.h */,
				2583BEF717F8114D00CA9CC8 /* NSData+Base64.m */,
				2583BEF817F8114D00CA9CC8 /* NSString+URLEncoding.h */,
				2583BEF917F8114D00CA9CC8 /* NSString+URLEncoding.m */,
				2583BEFA17F8114D00CA9CC8 /* NSString+URLEscape.h */,
				2583BEFB17F8114D00CA9CC8 /* NSString+URLEscape.m */,
			);
			path = modules;
			sourceTree = "<group>";
		};
		259745F117F7827900694B90 = {
			isa = PBXGroup;
			children = (
				2597460317F7827900694B90 /* appchatlobby2 */,
				2597462217F7827900694B90 /* appchatlobby2Tests */,
				259745FC17F7827900694B90 /* Frameworks */,
				259745FB17F7827900694B90 /* Products */,
			);
			sourceTree = "<group>";
		};
		259745FB17F7827900694B90 /* Products */ = {
			isa = PBXGroup;
			children = (
				259745FA17F7827900694B90 /* appchatlobby2.app */,
				2597461B17F7827900694B90 /* appchatlobby2Tests.xctest */,
			);
			name = Products;
			sourceTree = "<group>";
		};
		259745FC17F7827900694B90 /* Frameworks */ = {
			isa = PBXGroup;
			children = (
				54F04AB617F7BD580091238C /* AVFoundation.framework */,
				25A71B3E17F7A92A006D9D3F /* CoreLocation.framework */,
				25A71B3C17F7A51A006D9D3F /* CoreMotion.framework */,
				2597463217F78C2000694B90 /* libgamoogaclient.a */,
				259745FD17F7827900694B90 /* Foundation.framework */,
				259745FF17F7827900694B90 /* CoreGraphics.framework */,
				2597460117F7827900694B90 /* UIKit.framework */,
				2597461C17F7827900694B90 /* XCTest.framework */,
			);
			name = Frameworks;
			sourceTree = "<group>";
		};
		2597460317F7827900694B90 /* appchatlobby2 */ = {
			isa = PBXGroup;
			children = (
				54B2208617F8091C00CCB847 /* border.png */,
				2583BEF317F8114D00CA9CC8 /* ImgurAPI.h */,
				2583BEF417F8114D00CA9CC8 /* ImgurAPI.m */,
				2583BEF517F8114D00CA9CC8 /* modules */,
				54F04ABE17F7C2360091238C /* camera@2x.png */,
				54F04AB417F7A5800091238C /* eric.jpg */,
				54B2208217F7CBE900CCB847 /* avatar-placeholder.png */,
				2597460C17F7827900694B90 /* ACLAppDelegate.h */,
				2597460D17F7827900694B90 /* ACLAppDelegate.m */,
				2597460F17F7827900694B90 /* Main.storyboard */,
				54F04AAD17F79EE40091238C /* LobbyCollectionViewCell.h */,
				54F04AAE17F79EE40091238C /* LobbyCollectionViewCell.m */,
				5427E1CF17F789A3003DFC79 /* InitialScreenViewController.h */,
				5427E1D017F789A3003DFC79 /* InitialScreenViewController.m */,
				5427E1D217F78A02003DFC79 /* LobbyViewController.h */,
				5427E1D317F78A02003DFC79 /* LobbyViewController.m */,
				5427E1D517F78A14003DFC79 /* InGameViewController.h */,
				5427E1D617F78A14003DFC79 /* InGameViewController.m */,
				5427E1D817F78A21003DFC79 /* ScoreReportViewController.h */,
				5427E1D917F78A21003DFC79 /* ScoreReportViewController.m */,
				2597461217F7827900694B90 /* ACLViewController.h */,
				2597461317F7827900694B90 /* ACLViewController.m */,
				2597461517F7827900694B90 /* Images.xcassets */,
				2597460417F7827900694B90 /* Supporting Files */,
			);
			path = appchatlobby2;
			sourceTree = "<group>";
		};
		2597460417F7827900694B90 /* Supporting Files */ = {
			isa = PBXGroup;
			children = (
				2597463417F78CF700694B90 /* GamoogaClient.h */,
				2597460517F7827900694B90 /* appchatlobby2-Info.plist */,
				2597460617F7827900694B90 /* InfoPlist.strings */,
				2597460917F7827900694B90 /* main.m */,
				2597460B17F7827900694B90 /* appchatlobby2-Prefix.pch */,
			);
			name = "Supporting Files";
			sourceTree = "<group>";
		};
		2597462217F7827900694B90 /* appchatlobby2Tests */ = {
			isa = PBXGroup;
			children = (
				2597462817F7827900694B90 /* appchatlobby2Tests.m */,
				2597462317F7827900694B90 /* Supporting Files */,
			);
			path = appchatlobby2Tests;
			sourceTree = "<group>";
		};
		2597462317F7827900694B90 /* Supporting Files */ = {
			isa = PBXGroup;
			children = (
				2597462417F7827900694B90 /* appchatlobby2Tests-Info.plist */,
				2597462517F7827900694B90 /* InfoPlist.strings */,
			);
			name = "Supporting Files";
			sourceTree = "<group>";
		};
/* End PBXGroup section */

/* Begin PBXNativeTarget section */
		259745F917F7827900694B90 /* appchatlobby2 */ = {
			isa = PBXNativeTarget;
			buildConfigurationList = 2597462C17F7827900694B90 /* Build configuration list for PBXNativeTarget "appchatlobby2" */;
			buildPhases = (
				259745F617F7827900694B90 /* Sources */,
				259745F717F7827900694B90 /* Frameworks */,
				259745F817F7827900694B90 /* Resources */,
			);
			buildRules = (
			);
			dependencies = (
			);
			name = appchatlobby2;
			productName = appchatlobby2;
			productReference = 259745FA17F7827900694B90 /* appchatlobby2.app */;
			productType = "com.apple.product-type.application";
		};
		2597461A17F7827900694B90 /* appchatlobby2Tests */ = {
			isa = PBXNativeTarget;
			buildConfigurationList = 2597462F17F7827900694B90 /* Build configuration list for PBXNativeTarget "appchatlobby2Tests" */;
			buildPhases = (
				2597461717F7827900694B90 /* Sources */,
				2597461817F7827900694B90 /* Frameworks */,
				2597461917F7827900694B90 /* Resources */,
			);
			buildRules = (
			);
			dependencies = (
				2597462117F7827900694B90 /* PBXTargetDependency */,
			);
			name = appchatlobby2Tests;
			productName = appchatlobby2Tests;
			productReference = 2597461B17F7827900694B90 /* appchatlobby2Tests.xctest */;
			productType = "com.apple.product-type.bundle.unit-test";
		};
/* End PBXNativeTarget section */

/* Begin PBXProject section */
		259745F217F7827900694B90 /* Project object */ = {
			isa = PBXProject;
			attributes = {
				CLASSPREFIX = ACL;
				LastUpgradeCheck = 0500;
				ORGANIZATIONNAME = margarita;
				TargetAttributes = {
					259745F917F7827900694B90 = {
						DevelopmentTeam = F2QXK29VR2;
					};
					2597461A17F7827900694B90 = {
						TestTargetID = 259745F917F7827900694B90;
					};
				};
			};
			buildConfigurationList = 259745F517F7827900694B90 /* Build configuration list for PBXProject "appchatlobby2" */;
			compatibilityVersion = "Xcode 3.2";
			developmentRegion = English;
			hasScannedForEncodings = 0;
			knownRegions = (
				en,
				Base,
			);
			mainGroup = 259745F117F7827900694B90;
			productRefGroup = 259745FB17F7827900694B90 /* Products */;
			projectDirPath = "";
			projectRoot = "";
			targets = (
				259745F917F7827900694B90 /* appchatlobby2 */,
				2597461A17F7827900694B90 /* appchatlobby2Tests */,
			);
		};
/* End PBXProject section */

/* Begin PBXResourcesBuildPhase section */
		259745F817F7827900694B90 /* Resources */ = {
			isa = PBXResourcesBuildPhase;
			buildActionMask = 2147483647;
			files = (
				54B2208717F8091C00CCB847 /* border.png in Resources */,
				54B2208317F7CBE900CCB847 /* avatar-placeholder.png in Resources */,
				54F04AB517F7A5800091238C /* eric.jpg in Resources */,
				2597461617F7827900694B90 /* Images.xcassets in Resources */,
				2597460817F7827900694B90 /* InfoPlist.strings in Resources */,
				2597461117F7827900694B90 /* Main.storyboard in Resources */,
				54F04ABF17F7C2360091238C /* camera@2x.png in Resources */,
			);
			runOnlyForDeploymentPostprocessing = 0;
		};
		2597461917F7827900694B90 /* Resources */ = {
			isa = PBXResourcesBuildPhase;
			buildActionMask = 2147483647;
			files = (
				2597462717F7827900694B90 /* InfoPlist.strings in Resources */,
			);
			runOnlyForDeploymentPostprocessing = 0;
		};
/* End PBXResourcesBuildPhase section */

/* Begin PBXSourcesBuildPhase section */
		259745F617F7827900694B90 /* Sources */ = {
			isa = PBXSourcesBuildPhase;
			buildActionMask = 2147483647;
			files = (
				2583BEFE17F8114D00CA9CC8 /* NSString+URLEncoding.m in Sources */,
				25A71B3B17F7986D006D9D3F /* InGameViewController.m in Sources */,
				2583BEFF17F8114D00CA9CC8 /* NSString+URLEscape.m in Sources */,
				25A71B3A17F7985C006D9D3F /* InitialScreenViewController.m in Sources */,
				5427E1D417F78A02003DFC79 /* LobbyViewController.m in Sources */,
				2583BEFC17F8114D00CA9CC8 /* ImgurAPI.m in Sources */,
				54F04AAF17F79EE40091238C /* LobbyCollectionViewCell.m in Sources */,
				2597461417F7827900694B90 /* ACLViewController.m in Sources */,
				5427E1DA17F78A21003DFC79 /* ScoreReportViewController.m in Sources */,
				2583BEFD17F8114D00CA9CC8 /* NSData+Base64.m in Sources */,
				2597460A17F7827900694B90 /* main.m in Sources */,
				2597460E17F7827900694B90 /* ACLAppDelegate.m in Sources */,
			);
			runOnlyForDeploymentPostprocessing = 0;
		};
		2597461717F7827900694B90 /* Sources */ = {
			isa = PBXSourcesBuildPhase;
			buildActionMask = 2147483647;
			files = (
				2597462917F7827900694B90 /* appchatlobby2Tests.m in Sources */,
			);
			runOnlyForDeploymentPostprocessing = 0;
		};
/* End PBXSourcesBuildPhase section */

/* Begin PBXTargetDependency section */
		2597462117F7827900694B90 /* PBXTargetDependency */ = {
			isa = PBXTargetDependency;
			target = 259745F917F7827900694B90 /* appchatlobby2 */;
			targetProxy = 2597462017F7827900694B90 /* PBXContainerItemProxy */;
		};
/* End PBXTargetDependency section */

/* Begin PBXVariantGroup section */
		2597460617F7827900694B90 /* InfoPlist.strings */ = {
			isa = PBXVariantGroup;
			children = (
				2597460717F7827900694B90 /* en */,
			);
			name = InfoPlist.strings;
			sourceTree = "<group>";
		};
		2597460F17F7827900694B90 /* Main.storyboard */ = {
			isa = PBXVariantGroup;
			children = (
				2597461017F7827900694B90 /* Base */,
			);
			name = Main.storyboard;
			sourceTree = "<group>";
		};
		2597462517F7827900694B90 /* InfoPlist.strings */ = {
			isa = PBXVariantGroup;
			children = (
				2597462617F7827900694B90 /* en */,
			);
			name = InfoPlist.strings;
			sourceTree = "<group>";
		};
/* End PBXVariantGroup section */

/* Begin XCBuildConfiguration section */
		2597462A17F7827900694B90 /* Debug */ = {
			isa = XCBuildConfiguration;
			buildSettings = {
				ALWAYS_SEARCH_USER_PATHS = NO;
				ARCHS = "$(ARCHS_STANDARD_INCLUDING_64_BIT)";
				CLANG_CXX_LANGUAGE_STANDARD = "gnu++0x";
				CLANG_CXX_LIBRARY = "libc++";
				CLANG_ENABLE_MODULES = YES;
				CLANG_ENABLE_OBJC_ARC = YES;
				CLANG_WARN_BOOL_CONVERSION = YES;
				CLANG_WARN_CONSTANT_CONVERSION = YES;
				CLANG_WARN_DIRECT_OBJC_ISA_USAGE = YES_ERROR;
				CLANG_WARN_EMPTY_BODY = YES;
				CLANG_WARN_ENUM_CONVERSION = YES;
				CLANG_WARN_INT_CONVERSION = YES;
				CLANG_WARN_OBJC_ROOT_CLASS = YES_ERROR;
				CLANG_WARN__DUPLICATE_METHOD_MATCH = YES;
				"CODE_SIGN_IDENTITY[sdk=iphoneos*]" = "iPhone Developer";
				COPY_PHASE_STRIP = NO;
				GCC_C_LANGUAGE_STANDARD = gnu99;
				GCC_DYNAMIC_NO_PIC = NO;
				GCC_OPTIMIZATION_LEVEL = 0;
				GCC_PREPROCESSOR_DEFINITIONS = (
					"DEBUG=1",
					"$(inherited)",
				);
				GCC_SYMBOLS_PRIVATE_EXTERN = NO;
				GCC_WARN_64_TO_32_BIT_CONVERSION = YES;
				GCC_WARN_ABOUT_RETURN_TYPE = YES_ERROR;
				GCC_WARN_UNDECLARED_SELECTOR = YES;
				GCC_WARN_UNINITIALIZED_AUTOS = YES;
				GCC_WARN_UNUSED_FUNCTION = YES;
				GCC_WARN_UNUSED_VARIABLE = YES;
				IPHONEOS_DEPLOYMENT_TARGET = 7.0;
				ONLY_ACTIVE_ARCH = YES;
				OTHER_LDFLAGS = (
					"-all_load",
					"-ObjC",
				);
				SDKROOT = iphoneos;
			};
			name = Debug;
		};
		2597462B17F7827900694B90 /* Release */ = {
			isa = XCBuildConfiguration;
			buildSettings = {
				ALWAYS_SEARCH_USER_PATHS = NO;
				ARCHS = "$(ARCHS_STANDARD_INCLUDING_64_BIT)";
				CLANG_CXX_LANGUAGE_STANDARD = "gnu++0x";
				CLANG_CXX_LIBRARY = "libc++";
				CLANG_ENABLE_MODULES = YES;
				CLANG_ENABLE_OBJC_ARC = YES;
				CLANG_WARN_BOOL_CONVERSION = YES;
				CLANG_WARN_CONSTANT_CONVERSION = YES;
				CLANG_WARN_DIRECT_OBJC_ISA_USAGE = YES_ERROR;
				CLANG_WARN_EMPTY_BODY = YES;
				CLANG_WARN_ENUM_CONVERSION = YES;
				CLANG_WARN_INT_CONVERSION = YES;
				CLANG_WARN_OBJC_ROOT_CLASS = YES_ERROR;
				CLANG_WARN__DUPLICATE_METHOD_MATCH = YES;
				"CODE_SIGN_IDENTITY[sdk=iphoneos*]" = "iPhone Developer";
				COPY_PHASE_STRIP = YES;
				ENABLE_NS_ASSERTIONS = NO;
				GCC_C_LANGUAGE_STANDARD = gnu99;
				GCC_WARN_64_TO_32_BIT_CONVERSION = YES;
				GCC_WARN_ABOUT_RETURN_TYPE = YES_ERROR;
				GCC_WARN_UNDECLARED_SELECTOR = YES;
				GCC_WARN_UNINITIALIZED_AUTOS = YES;
				GCC_WARN_UNUSED_FUNCTION = YES;
				GCC_WARN_UNUSED_VARIABLE = YES;
				IPHONEOS_DEPLOYMENT_TARGET = 7.0;
				OTHER_LDFLAGS = (
					"-all_load",
					"-ObjC",
				);
				SDKROOT = iphoneos;
				VALIDATE_PRODUCT = YES;
			};
			name = Release;
		};
		2597462D17F7827900694B90 /* Debug */ = {
			isa = XCBuildConfiguration;
			buildSettings = {
				ARCHS = armv7;
				ASSETCATALOG_COMPILER_APPICON_NAME = AppIcon;
				ASSETCATALOG_COMPILER_LAUNCHIMAGE_NAME = LaunchImage;
				CODE_SIGN_IDENTITY = "iPhone Developer";
				"CODE_SIGN_IDENTITY[sdk=iphoneos*]" = "iPhone Developer";
				GCC_PRECOMPILE_PREFIX_HEADER = YES;
				GCC_PREFIX_HEADER = "appchatlobby2/appchatlobby2-Prefix.pch";
				INFOPLIST_FILE = "appchatlobby2/appchatlobby2-Info.plist";
				LIBRARY_SEARCH_PATHS = (
					"~/Developer/appchatlobby2/",
					"$(inherited)",
				);
				ONLY_ACTIVE_ARCH = YES;
				OTHER_LDFLAGS = "-ObjC";
				PRODUCT_NAME = "$(TARGET_NAME)";
				PROVISIONING_PROFILE = "";
				WRAPPER_EXTENSION = app;
			};
			name = Debug;
		};
		2597462E17F7827900694B90 /* Release */ = {
			isa = XCBuildConfiguration;
			buildSettings = {
				ARCHS = armv7;
				ASSETCATALOG_COMPILER_APPICON_NAME = AppIcon;
				ASSETCATALOG_COMPILER_LAUNCHIMAGE_NAME = LaunchImage;
				CODE_SIGN_IDENTITY = "iPhone Developer";
				"CODE_SIGN_IDENTITY[sdk=iphoneos*]" = "iPhone Developer";
				GCC_PRECOMPILE_PREFIX_HEADER = YES;
				GCC_PREFIX_HEADER = "appchatlobby2/appchatlobby2-Prefix.pch";
				INFOPLIST_FILE = "appchatlobby2/appchatlobby2-Info.plist";
				LIBRARY_SEARCH_PATHS = (
					"~/Developer/appchatlobby2/",
					"$(inherited)",
				);
				ONLY_ACTIVE_ARCH = YES;
				OTHER_LDFLAGS = "-ObjC";
				PRODUCT_NAME = "$(TARGET_NAME)";
				PROVISIONING_PROFILE = "";
				WRAPPER_EXTENSION = app;
			};
			name = Release;
		};
		2597463017F7827900694B90 /* Debug */ = {
			isa = XCBuildConfiguration;
			buildSettings = {
				ARCHS = "$(ARCHS_STANDARD_INCLUDING_64_BIT)";
				BUNDLE_LOADER = "$(BUILT_PRODUCTS_DIR)/appchatlobby2.app/appchatlobby2";
				FRAMEWORK_SEARCH_PATHS = (
					"$(SDKROOT)/Developer/Library/Frameworks",
					"$(inherited)",
					"$(DEVELOPER_FRAMEWORKS_DIR)",
				);
				GCC_PRECOMPILE_PREFIX_HEADER = YES;
				GCC_PREFIX_HEADER = "appchatlobby2/appchatlobby2-Prefix.pch";
				GCC_PREPROCESSOR_DEFINITIONS = (
					"DEBUG=1",
					"$(inherited)",
				);
				INFOPLIST_FILE = "appchatlobby2Tests/appchatlobby2Tests-Info.plist";
				PRODUCT_NAME = "$(TARGET_NAME)";
				TEST_HOST = "$(BUNDLE_LOADER)";
				WRAPPER_EXTENSION = xctest;
			};
			name = Debug;
		};
		2597463117F7827900694B90 /* Release */ = {
			isa = XCBuildConfiguration;
			buildSettings = {
				ARCHS = "$(ARCHS_STANDARD_INCLUDING_64_BIT)";
				BUNDLE_LOADER = "$(BUILT_PRODUCTS_DIR)/appchatlobby2.app/appchatlobby2";
				FRAMEWORK_SEARCH_PATHS = (
					"$(SDKROOT)/Developer/Library/Frameworks",
					"$(inherited)",
					"$(DEVELOPER_FRAMEWORKS_DIR)",
				);
				GCC_PRECOMPILE_PREFIX_HEADER = YES;
				GCC_PREFIX_HEADER = "appchatlobby2/appchatlobby2-Prefix.pch";
				INFOPLIST_FILE = "appchatlobby2Tests/appchatlobby2Tests-Info.plist";
				PRODUCT_NAME = "$(TARGET_NAME)";
				TEST_HOST = "$(BUNDLE_LOADER)";
				WRAPPER_EXTENSION = xctest;
			};
			name = Release;
		};
/* End XCBuildConfiguration section */

/* Begin XCConfigurationList section */
		259745F517F7827900694B90 /* Build configuration list for PBXProject "appchatlobby2" */ = {
			isa = XCConfigurationList;
			buildConfigurations = (
				2597462A17F7827900694B90 /* Debug */,
				2597462B17F7827900694B90 /* Release */,
			);
			defaultConfigurationIsVisible = 0;
			defaultConfigurationName = Release;
		};
		2597462C17F7827900694B90 /* Build configuration list for PBXNativeTarget "appchatlobby2" */ = {
			isa = XCConfigurationList;
			buildConfigurations = (
				2597462D17F7827900694B90 /* Debug */,
				2597462E17F7827900694B90 /* Release */,
			);
			defaultConfigurationIsVisible = 0;
			defaultConfigurationName = Release;
		};
		2597462F17F7827900694B90 /* Build configuration list for PBXNativeTarget "appchatlobby2Tests" */ = {
			isa = XCConfigurationList;
			buildConfigurations = (
				2597463017F7827900694B90 /* Debug */,
				2597463117F7827900694B90 /* Release */,
			);
			defaultConfigurationIsVisible = 0;
			defaultConfigurationName = Release;
		};
/* End XCConfigurationList section */
	};
	rootObject = 259745F217F7827900694B90 /* Project object */;
}
